
Microsoft Visual Studio Solution File, Format Version 12.00
# Visual Studio Version 17
VisualStudioVersion = 17.5.33627.172
MinimumVisualStudioVersion = 10.0.40219.1
Project("{FAE04EC0-301F-11D3-BF4B-00C04F79EFBC}") = "MovieAPI", "MovieAPI\MovieAPI.csproj", "{A210530D-6EEE-45E7-B789-6E87FD335CE3}"
EndProject
Project("{FAE04EC0-301F-11D3-BF4B-00C04F79EFBC}") = "Data", "Data\Data.csproj", "{D959E519-461B-46A8-B7C9-2B0A0DA7B336}"
EndProject
Global
	GlobalSection(SolutionConfigurationPlatforms) = preSolution
		Debug|Any CPU = Debug|Any CPU
		Release|Any CPU = Release|Any CPU
	EndGlobalSection
	GlobalSection(ProjectConfigurationPlatforms) = postSolution
		{A210530D-6EEE-45E7-B789-6E87FD335CE3}.Debug|Any CPU.ActiveCfg = Debug|Any CPU
		{A210530D-6EEE-45E7-B789-6E87FD335CE3}.Debug|Any CPU.Build.0 = Debug|Any CPU
		{A210530D-6EEE-45E7-B789-6E87FD335CE3}.Release|Any CPU.ActiveCfg = Release|Any CPU
		{A210530D-6EEE-45E7-B789-6E87FD335CE3}.Release|Any CPU.Build.0 = Release|Any CPU
		{D959E519-461B-46A8-B7C9-2B0A0DA7B336}.Debug|Any CPU.ActiveCfg = Debug|Any CPU
		{D959E519-461B-46A8-B7C9-2B0A0DA7B336}.Debug|Any CPU.Build.0 = Debug|Any CPU
		{D959E519-461B-46A8-B7C9-2B0A0DA7B336}.Release|Any CPU.ActiveCfg = Release|Any CPU
		{D959E519-461B-46A8-B7C9-2B0A0DA7B336}.Release|Any CPU.Build.0 = Release|Any CPU
	EndGlobalSection
	GlobalSection(SolutionProperties) = preSolution
		HideSolutionNode = FALSE
	EndGlobalSection
	GlobalSection(ExtensibilityGlobals) = postSolution
		SolutionGuid = {FC8D1A0F-5DA5-4629-8409-894B10A0DDB7}
	EndGlobalSection
EndGlobal
